
Microsoft Visual Studio Solution File, Format Version 12.00
Project("{FAE04EC0-301F-11D3-BF4B-00C04F79EFBC}") = "Tamka", "Tamka\Tamka.csproj", "{38FE4434-98B2-4138-BD9D-A1871ED3C150}"
EndProject
Global
	GlobalSection(SolutionConfigurationPlatforms) = preSolution
		Debug|Any CPU = Debug|Any CPU
		Release|Any CPU = Release|Any CPU
	EndGlobalSection
	GlobalSection(ProjectConfigurationPlatforms) = postSolution
		{38FE4434-98B2-4138-BD9D-A1871ED3C150}.Debug|Any CPU.ActiveCfg = Debug|Any CPU
		{38FE4434-98B2-4138-BD9D-A1871ED3C150}.Debug|Any CPU.Build.0 = Debug|Any CPU
		{38FE4434-98B2-4138-BD9D-A1871ED3C150}.Release|Any CPU.ActiveCfg = Release|Any CPU
		{38FE4434-98B2-4138-BD9D-A1871ED3C150}.Release|Any CPU.Build.0 = Release|Any CPU
	EndGlobalSection
EndGlobal
